
Microsoft Visual Studio Solution File, Format Version 12.00
# Visual Studio Express 2012 for Windows Desktop
Project("{FAE04EC0-301F-11D3-BF4B-00C04F79EFBC}") = "Demonstration", "Demonstration\Demonstration.csproj", "{702204A5-7999-48D1-8562-5075E1EFE107}"
EndProject
Project("{FAE04EC0-301F-11D3-BF4B-00C04F79EFBC}") = "WPF3D", "WPF3D\WPF3D.csproj", "{B7888882-7CE2-47B0-8E49-C3CE4FD18CE5}"
EndProject
Project("{FAE04EC0-301F-11D3-BF4B-00C04F79EFBC}") = "Model", "Model\Model.csproj", "{913AA5E9-E6F6-4CA0-B3D2-B72B36B22511}"
EndProject
Project("{FAE04EC0-301F-11D3-BF4B-00C04F79EFBC}") = "3DModelParser", "ObjParser\3DModelParser.csproj", "{EA5F29C7-79E8-4135-8F87-17E88D07047C}"
EndProject
Project("{FAE04EC0-301F-11D3-BF4B-00C04F79EFBC}") = "Spheres", "Spheres\Spheres.csproj", "{03F95D4B-BCD9-4B0E-AAAD-A3906153D1B6}"
EndProject
Project("{FAE04EC0-301F-11D3-BF4B-00C04F79EFBC}") = "Space", "Space\Space.csproj", "{3FEE8118-E79F-4915-98ED-2AE7F2DA3FA1}"
EndProject
Global
	GlobalSection(SolutionConfigurationPlatforms) = preSolution
		Debug|Any CPU = Debug|Any CPU
		Release|Any CPU = Release|Any CPU
	EndGlobalSection
	GlobalSection(ProjectConfigurationPlatforms) = postSolution
		{702204A5-7999-48D1-8562-5075E1EFE107}.Debug|Any CPU.ActiveCfg = Debug|Any CPU
		{702204A5-7999-48D1-8562-5075E1EFE107}.Debug|Any CPU.Build.0 = Debug|Any CPU
		{702204A5-7999-48D1-8562-5075E1EFE107}.Release|Any CPU.ActiveCfg = Release|Any CPU
		{702204A5-7999-48D1-8562-5075E1EFE107}.Release|Any CPU.Build.0 = Release|Any CPU
		{B7888882-7CE2-47B0-8E49-C3CE4FD18CE5}.Debug|Any CPU.ActiveCfg = Debug|Any CPU
		{B7888882-7CE2-47B0-8E49-C3CE4FD18CE5}.Debug|Any CPU.Build.0 = Debug|Any CPU
		{B7888882-7CE2-47B0-8E49-C3CE4FD18CE5}.Release|Any CPU.ActiveCfg = Release|Any CPU
		{B7888882-7CE2-47B0-8E49-C3CE4FD18CE5}.Release|Any CPU.Build.0 = Release|Any CPU
		{913AA5E9-E6F6-4CA0-B3D2-B72B36B22511}.Debug|Any CPU.ActiveCfg = Debug|Any CPU
		{913AA5E9-E6F6-4CA0-B3D2-B72B36B22511}.Debug|Any CPU.Build.0 = Debug|Any CPU
		{913AA5E9-E6F6-4CA0-B3D2-B72B36B22511}.Release|Any CPU.ActiveCfg = Release|Any CPU
		{913AA5E9-E6F6-4CA0-B3D2-B72B36B22511}.Release|Any CPU.Build.0 = Release|Any CPU
		{EA5F29C7-79E8-4135-8F87-17E88D07047C}.Debug|Any CPU.ActiveCfg = Debug|Any CPU
		{EA5F29C7-79E8-4135-8F87-17E88D07047C}.Debug|Any CPU.Build.0 = Debug|Any CPU
		{EA5F29C7-79E8-4135-8F87-17E88D07047C}.Release|Any CPU.ActiveCfg = Release|Any CPU
		{EA5F29C7-79E8-4135-8F87-17E88D07047C}.Release|Any CPU.Build.0 = Release|Any CPU
		{03F95D4B-BCD9-4B0E-AAAD-A3906153D1B6}.Debug|Any CPU.ActiveCfg = Debug|Any CPU
		{03F95D4B-BCD9-4B0E-AAAD-A3906153D1B6}.Debug|Any CPU.Build.0 = Debug|Any CPU
		{03F95D4B-BCD9-4B0E-AAAD-A3906153D1B6}.Release|Any CPU.ActiveCfg = Release|Any CPU
		{03F95D4B-BCD9-4B0E-AAAD-A3906153D1B6}.Release|Any CPU.Build.0 = Release|Any CPU
		{3FEE8118-E79F-4915-98ED-2AE7F2DA3FA1}.Debug|Any CPU.ActiveCfg = Debug|Any CPU
		{3FEE8118-E79F-4915-98ED-2AE7F2DA3FA1}.Debug|Any CPU.Build.0 = Debug|Any CPU
		{3FEE8118-E79F-4915-98ED-2AE7F2DA3FA1}.Release|Any CPU.ActiveCfg = Release|Any CPU
		{3FEE8118-E79F-4915-98ED-2AE7F2DA3FA1}.Release|Any CPU.Build.0 = Release|Any CPU
	EndGlobalSection
	GlobalSection(SolutionProperties) = preSolution
		HideSolutionNode = FALSE
	EndGlobalSection
EndGlobal
